// !$*UTF8*$!
{
	archiveVersion = 1;
	classes = {
	};
	objectVersion = 70;
	objects = {

/* Begin PBXBuildFile section */
		9F69AE2DA294AD2DD25128A8 /* Pods_HawkControl.framework in Frameworks */ = {isa = PBXBuildFile; fileRef = A316DCC2AF59178533D6B536 /* Pods_HawkControl.framework */; };
		BB1B50272C2F39E1000E889D /* HawkControlApp.swift in Sources */ = {isa = PBXBuildFile; fileRef = BB1B50262C2F39E1000E889D /* HawkControlApp.swift */; };
		BB1B50292C2F39E1000E889D /* ConnectView.swift in Sources */ = {isa = PBXBuildFile; fileRef = BB1B50282C2F39E1000E889D /* ConnectView.swift */; };
		BB1B502B2C2F39E2000E889D /* Assets.xcassets in Resources */ = {isa = PBXBuildFile; fileRef = BB1B502A2C2F39E2000E889D /* Assets.xcassets */; };
		BB1B502E2C2F39E2000E889D /* Preview Assets.xcassets in Resources */ = {isa = PBXBuildFile; fileRef = BB1B502D2C2F39E2000E889D /* Preview Assets.xcassets */; };
		BB1B50382C2F39E2000E889D /* HawkControlTests.swift in Sources */ = {isa = PBXBuildFile; fileRef = BB1B50372C2F39E2000E889D /* HawkControlTests.swift */; };
		BB1B50422C2F39E2000E889D /* HawkControlUITests.swift in Sources */ = {isa = PBXBuildFile; fileRef = BB1B50412C2F39E2000E889D /* HawkControlUITests.swift */; };
		BB1B50442C2F39E2000E889D /* HawkControlUITestsLaunchTests.swift in Sources */ = {isa = PBXBuildFile; fileRef = BB1B50432C2F39E2000E889D /* HawkControlUITestsLaunchTests.swift */; };
		BB1DE5592C3107DE00CC9509 /* WebSocketManager.swift in Sources */ = {isa = PBXBuildFile; fileRef = BB1DE5582C3107D300CC9509 /* WebSocketManager.swift */; };
		BB1DE55B2C31086F00CC9509 /* WebSocketDelegateImpl.swift in Sources */ = {isa = PBXBuildFile; fileRef = BB1DE55A2C31086400CC9509 /* WebSocketDelegateImpl.swift */; };
		BB1DE55D2C310BAD00CC9509 /* SettingsView.swift in Sources */ = {isa = PBXBuildFile; fileRef = BB1DE55C2C310BAD00CC9509 /* SettingsView.swift */; };
		BB1DE55F2C32467900CC9509 /* Logger.swift in Sources */ = {isa = PBXBuildFile; fileRef = BB1DE55E2C32467700CC9509 /* Logger.swift */; };
		BB1DE5612C32482000CC9509 /* LoggingView.swift in Sources */ = {isa = PBXBuildFile; fileRef = BB1DE5602C32482000CC9509 /* LoggingView.swift */; };
		BBC10E8B2C2F5F8C0099A208 /* RobotPanelView.swift in Sources */ = {isa = PBXBuildFile; fileRef = BBC10E8A2C2F5F8C0099A208 /* RobotPanelView.swift */; };
		BBC10E8D2C30B4B90099A208 /* GlobalStateVars.swift in Sources */ = {isa = PBXBuildFile; fileRef = BBC10E8C2C30B4B90099A208 /* GlobalStateVars.swift */; };
/* End PBXBuildFile section */

/* Begin PBXContainerItemProxy section */
		BB1B50342C2F39E2000E889D /* PBXContainerItemProxy */ = {
			isa = PBXContainerItemProxy;
			containerPortal = BB1B501B2C2F39E1000E889D /* Project object */;
			proxyType = 1;
			remoteGlobalIDString = BB1B50222C2F39E1000E889D;
			remoteInfo = HawkControl;
		};
		BB1B503E2C2F39E2000E889D /* PBXContainerItemProxy */ = {
			isa = PBXContainerItemProxy;
			containerPortal = BB1B501B2C2F39E1000E889D /* Project object */;
			proxyType = 1;
			remoteGlobalIDString = BB1B50222C2F39E1000E889D;
			remoteInfo = HawkControl;
		};
/* End PBXContainerItemProxy section */

/* Begin PBXFileReference section */
		A316DCC2AF59178533D6B536 /* Pods_HawkControl.framework */ = {isa = PBXFileReference; explicitFileType = wrapper.framework; includeInIndex = 0; path = Pods_HawkControl.framework; sourceTree = BUILT_PRODUCTS_DIR; };
		BB1B50232C2F39E1000E889D /* HawkControl.app */ = {isa = PBXFileReference; explicitFileType = wrapper.application; includeInIndex = 0; path = HawkControl.app; sourceTree = BUILT_PRODUCTS_DIR; };
		BB1B50262C2F39E1000E889D /* HawkControlApp.swift */ = {isa = PBXFileReference; lastKnownFileType = sourcecode.swift; path = HawkControlApp.swift; sourceTree = "<group>"; };
		BB1B50282C2F39E1000E889D /* ConnectView.swift */ = {isa = PBXFileReference; lastKnownFileType = sourcecode.swift; path = ConnectView.swift; sourceTree = "<group>"; };
		BB1B502A2C2F39E2000E889D /* Assets.xcassets */ = {isa = PBXFileReference; lastKnownFileType = folder.assetcatalog; path = Assets.xcassets; sourceTree = "<group>"; };
		BB1B502D2C2F39E2000E889D /* Preview Assets.xcassets */ = {isa = PBXFileReference; lastKnownFileType = folder.assetcatalog; path = "Preview Assets.xcassets"; sourceTree = "<group>"; };
		BB1B50332C2F39E2000E889D /* HawkControlTests.xctest */ = {isa = PBXFileReference; explicitFileType = wrapper.cfbundle; includeInIndex = 0; path = HawkControlTests.xctest; sourceTree = BUILT_PRODUCTS_DIR; };
		BB1B50372C2F39E2000E889D /* HawkControlTests.swift */ = {isa = PBXFileReference; lastKnownFileType = sourcecode.swift; path = HawkControlTests.swift; sourceTree = "<group>"; };
		BB1B503D2C2F39E2000E889D /* HawkControlUITests.xctest */ = {isa = PBXFileReference; explicitFileType = wrapper.cfbundle; includeInIndex = 0; path = HawkControlUITests.xctest; sourceTree = BUILT_PRODUCTS_DIR; };
		BB1B50412C2F39E2000E889D /* HawkControlUITests.swift */ = {isa = PBXFileReference; lastKnownFileType = sourcecode.swift; path = HawkControlUITests.swift; sourceTree = "<group>"; };
		BB1B50432C2F39E2000E889D /* HawkControlUITestsLaunchTests.swift */ = {isa = PBXFileReference; lastKnownFileType = sourcecode.swift; path = HawkControlUITestsLaunchTests.swift; sourceTree = "<group>"; };
		BB1DE5582C3107D300CC9509 /* WebSocketManager.swift */ = {isa = PBXFileReference; lastKnownFileType = sourcecode.swift; path = WebSocketManager.swift; sourceTree = "<group>"; };
		BB1DE55A2C31086400CC9509 /* WebSocketDelegateImpl.swift */ = {isa = PBXFileReference; lastKnownFileType = sourcecode.swift; path = WebSocketDelegateImpl.swift; sourceTree = "<group>"; };
		BB1DE55C2C310BAD00CC9509 /* SettingsView.swift */ = {isa = PBXFileReference; lastKnownFileType = sourcecode.swift; path = SettingsView.swift; sourceTree = "<group>"; };
		BB1DE55E2C32467700CC9509 /* Logger.swift */ = {isa = PBXFileReference; lastKnownFileType = sourcecode.swift; path = Logger.swift; sourceTree = "<group>"; };
		BB1DE5602C32482000CC9509 /* LoggingView.swift */ = {isa = PBXFileReference; lastKnownFileType = sourcecode.swift; path = LoggingView.swift; sourceTree = "<group>"; };
		BBC10E8A2C2F5F8C0099A208 /* RobotPanelView.swift */ = {isa = PBXFileReference; lastKnownFileType = sourcecode.swift; path = RobotPanelView.swift; sourceTree = "<group>"; };
		BBC10E8C2C30B4B90099A208 /* GlobalStateVars.swift */ = {isa = PBXFileReference; lastKnownFileType = sourcecode.swift; path = GlobalStateVars.swift; sourceTree = "<group>"; };
		C4BDD63F753FAA94E4A1B9CC /* Pods-HawkControl.debug.xcconfig */ = {isa = PBXFileReference; includeInIndex = 1; lastKnownFileType = text.xcconfig; name = "Pods-HawkControl.debug.xcconfig"; path = "Target Support Files/Pods-HawkControl/Pods-HawkControl.debug.xcconfig"; sourceTree = "<group>"; };
		E86BD38B9CD676042BE03101 /* Pods-HawkControl.release.xcconfig */ = {isa = PBXFileReference; includeInIndex = 1; lastKnownFileType = text.xcconfig; name = "Pods-HawkControl.release.xcconfig"; path = "Target Support Files/Pods-HawkControl/Pods-HawkControl.release.xcconfig"; sourceTree = "<group>"; };
/* End PBXFileReference section */

/* Begin PBXFileSystemSynchronizedBuildFileExceptionSet section */
		BBBA362A2C56A76500C0C291 /* PBXFileSystemSynchronizedBuildFileExceptionSet */ = {
			isa = PBXFileSystemSynchronizedBuildFileExceptionSet;
			membershipExceptions = (
				CustomButton.swift,
			);
			target = BB1B50222C2F39E1000E889D /* HawkControl */;
		};
/* End PBXFileSystemSynchronizedBuildFileExceptionSet section */

/* Begin PBXFileSystemSynchronizedRootGroup section */
		BBBA36252C56A64700C0C291 /* components */ = {isa = PBXFileSystemSynchronizedRootGroup; exceptions = (BBBA362A2C56A76500C0C291 /* PBXFileSystemSynchronizedBuildFileExceptionSet */, ); explicitFileTypes = {}; explicitFolders = (); path = components; sourceTree = "<group>"; };
/* End PBXFileSystemSynchronizedRootGroup section */

/* Begin PBXFrameworksBuildPhase section */
		BB1B50202C2F39E1000E889D /* Frameworks */ = {
			isa = PBXFrameworksBuildPhase;
			buildActionMask = 2147483647;
			files = (
				9F69AE2DA294AD2DD25128A8 /* Pods_HawkControl.framework in Frameworks */,
			);
			runOnlyForDeploymentPostprocessing = 0;
		};
		BB1B50302C2F39E2000E889D /* Frameworks */ = {
			isa = PBXFrameworksBuildPhase;
			buildActionMask = 2147483647;
			files = (
			);
			runOnlyForDeploymentPostprocessing = 0;
		};
		BB1B503A2C2F39E2000E889D /* Frameworks */ = {
			isa = PBXFrameworksBuildPhase;
			buildActionMask = 2147483647;
			files = (
			);
			runOnlyForDeploymentPostprocessing = 0;
		};
/* End PBXFrameworksBuildPhase section */

/* Begin PBXGroup section */
		2922527365DDC7BB4FC7DDB4 /* Frameworks */ = {
			isa = PBXGroup;
			children = (
				A316DCC2AF59178533D6B536 /* Pods_HawkControl.framework */,
			);
			name = Frameworks;
			sourceTree = "<group>";
		};
		76AC23BB722C366A0D6E425D /* Pods */ = {
			isa = PBXGroup;
			children = (
				C4BDD63F753FAA94E4A1B9CC /* Pods-HawkControl.debug.xcconfig */,
				E86BD38B9CD676042BE03101 /* Pods-HawkControl.release.xcconfig */,
			);
			path = Pods;
			sourceTree = "<group>";
		};
		BB1B501A2C2F39E1000E889D = {
			isa = PBXGroup;
			children = (
				BB1B50252C2F39E1000E889D /* HawkControl */,
				BB1B50362C2F39E2000E889D /* HawkControlTests */,
				BB1B50402C2F39E2000E889D /* HawkControlUITests */,
				BB1B50242C2F39E1000E889D /* Products */,
				76AC23BB722C366A0D6E425D /* Pods */,
				2922527365DDC7BB4FC7DDB4 /* Frameworks */,
			);
			sourceTree = "<group>";
		};
		BB1B50242C2F39E1000E889D /* Products */ = {
			isa = PBXGroup;
			children = (
				BB1B50232C2F39E1000E889D /* HawkControl.app */,
				BB1B50332C2F39E2000E889D /* HawkControlTests.xctest */,
				BB1B503D2C2F39E2000E889D /* HawkControlUITests.xctest */,
			);
			name = Products;
			sourceTree = "<group>";
		};
		BB1B50252C2F39E1000E889D /* HawkControl */ = {
			isa = PBXGroup;
			children = (
				BBBA36252C56A64700C0C291 /* components */,
				BB1DE55E2C32467700CC9509 /* Logger.swift */,
				BB1DE55A2C31086400CC9509 /* WebSocketDelegateImpl.swift */,
				BB1DE5582C3107D300CC9509 /* WebSocketManager.swift */,
				BB1B50262C2F39E1000E889D /* HawkControlApp.swift */,
				BB1B50282C2F39E1000E889D /* ConnectView.swift */,
				BB1B502A2C2F39E2000E889D /* Assets.xcassets */,
				BB1B502C2C2F39E2000E889D /* Preview Content */,
				BBC10E8A2C2F5F8C0099A208 /* RobotPanelView.swift */,
				BBC10E8C2C30B4B90099A208 /* GlobalStateVars.swift */,
				BB1DE55C2C310BAD00CC9509 /* SettingsView.swift */,
				BB1DE5602C32482000CC9509 /* LoggingView.swift */,
			);
			path = HawkControl;
			sourceTree = "<group>";
		};
		BB1B502C2C2F39E2000E889D /* Preview Content */ = {
			isa = PBXGroup;
			children = (
				BB1B502D2C2F39E2000E889D /* Preview Assets.xcassets */,
			);
			path = "Preview Content";
			sourceTree = "<group>";
		};
		BB1B50362C2F39E2000E889D /* HawkControlTests */ = {
			isa = PBXGroup;
			children = (
				BB1B50372C2F39E2000E889D /* HawkControlTests.swift */,
			);
			path = HawkControlTests;
			sourceTree = "<group>";
		};
		BB1B50402C2F39E2000E889D /* HawkControlUITests */ = {
			isa = PBXGroup;
			children = (
				BB1B50412C2F39E2000E889D /* HawkControlUITests.swift */,
				BB1B50432C2F39E2000E889D /* HawkControlUITestsLaunchTests.swift */,
			);
			path = HawkControlUITests;
			sourceTree = "<group>";
		};
/* End PBXGroup section */

/* Begin PBXNativeTarget section */
		BB1B50222C2F39E1000E889D /* HawkControl */ = {
			isa = PBXNativeTarget;
			buildConfigurationList = BB1B50472C2F39E2000E889D /* Build configuration list for PBXNativeTarget "HawkControl" */;
			buildPhases = (
				5341202F2B6E60D906332235 /* [CP] Check Pods Manifest.lock */,
				BB1B501F2C2F39E1000E889D /* Sources */,
				BB1B50202C2F39E1000E889D /* Frameworks */,
				BB1B50212C2F39E1000E889D /* Resources */,
				6BAAF0CE1F1E5747F56F9099 /* [CP] Embed Pods Frameworks */,
			);
			buildRules = (
			);
			dependencies = (
			);
			name = HawkControl;
			productName = HawkControl;
			productReference = BB1B50232C2F39E1000E889D /* HawkControl.app */;
			productType = "com.apple.product-type.application";
		};
		BB1B50322C2F39E2000E889D /* HawkControlTests */ = {
			isa = PBXNativeTarget;
			buildConfigurationList = BB1B504A2C2F39E2000E889D /* Build configuration list for PBXNativeTarget "HawkControlTests" */;
			buildPhases = (
				BB1B502F2C2F39E2000E889D /* Sources */,
				BB1B50302C2F39E2000E889D /* Frameworks */,
				BB1B50312C2F39E2000E889D /* Resources */,
			);
			buildRules = (
			);
			dependencies = (
				BB1B50352C2F39E2000E889D /* PBXTargetDependency */,
			);
			name = HawkControlTests;
			productName = HawkControlTests;
			productReference = BB1B50332C2F39E2000E889D /* HawkControlTests.xctest */;
			productType = "com.apple.product-type.bundle.unit-test";
		};
		BB1B503C2C2F39E2000E889D /* HawkControlUITests */ = {
			isa = PBXNativeTarget;
			buildConfigurationList = BB1B504D2C2F39E2000E889D /* Build configuration list for PBXNativeTarget "HawkControlUITests" */;
			buildPhases = (
				BB1B50392C2F39E2000E889D /* Sources */,
				BB1B503A2C2F39E2000E889D /* Frameworks */,
				BB1B503B2C2F39E2000E889D /* Resources */,
			);
			buildRules = (
			);
			dependencies = (
				BB1B503F2C2F39E2000E889D /* PBXTargetDependency */,
			);
			name = HawkControlUITests;
			productName = HawkControlUITests;
			productReference = BB1B503D2C2F39E2000E889D /* HawkControlUITests.xctest */;
			productType = "com.apple.product-type.bundle.ui-testing";
		};
/* End PBXNativeTarget section */

/* Begin PBXProject section */
		BB1B501B2C2F39E1000E889D /* Project object */ = {
			isa = PBXProject;
			attributes = {
				BuildIndependentTargetsInParallel = 1;
				LastSwiftUpdateCheck = 1600;
				LastUpgradeCheck = 1600;
				TargetAttributes = {
					BB1B50222C2F39E1000E889D = {
						CreatedOnToolsVersion = 16.0;
					};
					BB1B50322C2F39E2000E889D = {
						CreatedOnToolsVersion = 16.0;
						TestTargetID = BB1B50222C2F39E1000E889D;
					};
					BB1B503C2C2F39E2000E889D = {
						CreatedOnToolsVersion = 16.0;
						TestTargetID = BB1B50222C2F39E1000E889D;
					};
				};
			};
			buildConfigurationList = BB1B501E2C2F39E1000E889D /* Build configuration list for PBXProject "HawkControl" */;
			compatibilityVersion = "Xcode 15.0";
			developmentRegion = en;
			hasScannedForEncodings = 0;
			knownRegions = (
				en,
				Base,
			);
			mainGroup = BB1B501A2C2F39E1000E889D;
			productRefGroup = BB1B50242C2F39E1000E889D /* Products */;
			projectDirPath = "";
			projectRoot = "";
			targets = (
				BB1B50222C2F39E1000E889D /* HawkControl */,
				BB1B50322C2F39E2000E889D /* HawkControlTests */,
				BB1B503C2C2F39E2000E889D /* HawkControlUITests */,
			);
		};
/* End PBXProject section */

/* Begin PBXResourcesBuildPhase section */
		BB1B50212C2F39E1000E889D /* Resources */ = {
			isa = PBXResourcesBuildPhase;
			buildActionMask = 2147483647;
			files = (
				BB1B502E2C2F39E2000E889D /* Preview Assets.xcassets in Resources */,
				BB1B502B2C2F39E2000E889D /* Assets.xcassets in Resources */,
			);
			runOnlyForDeploymentPostprocessing = 0;
		};
		BB1B50312C2F39E2000E889D /* Resources */ = {
			isa = PBXResourcesBuildPhase;
			buildActionMask = 2147483647;
			files = (
			);
			runOnlyForDeploymentPostprocessing = 0;
		};
		BB1B503B2C2F39E2000E889D /* Resources */ = {
			isa = PBXResourcesBuildPhase;
			buildActionMask = 2147483647;
			files = (
			);
			runOnlyForDeploymentPostprocessing = 0;
		};
/* End PBXResourcesBuildPhase section */

/* Begin PBXShellScriptBuildPhase section */
		5341202F2B6E60D906332235 /* [CP] Check Pods Manifest.lock */ = {
			isa = PBXShellScriptBuildPhase;
			buildActionMask = 2147483647;
			files = (
			);
			inputFileListPaths = (
			);
			inputPaths = (
				"${PODS_PODFILE_DIR_PATH}/Podfile.lock",
				"${PODS_ROOT}/Manifest.lock",
			);
			name = "[CP] Check Pods Manifest.lock";
			outputFileListPaths = (
			);
			outputPaths = (
				"$(DERIVED_FILE_DIR)/Pods-HawkControl-checkManifestLockResult.txt",
			);
			runOnlyForDeploymentPostprocessing = 0;
			shellPath = /bin/sh;
			shellScript = "diff \"${PODS_PODFILE_DIR_PATH}/Podfile.lock\" \"${PODS_ROOT}/Manifest.lock\" > /dev/null\nif [ $? != 0 ] ; then\n    # print error to STDERR\n    echo \"error: The sandbox is not in sync with the Podfile.lock. Run 'pod install' or update your CocoaPods installation.\" >&2\n    exit 1\nfi\n# This output is used by Xcode 'outputs' to avoid re-running this script phase.\necho \"SUCCESS\" > \"${SCRIPT_OUTPUT_FILE_0}\"\n";
			showEnvVarsInLog = 0;
		};
		6BAAF0CE1F1E5747F56F9099 /* [CP] Embed Pods Frameworks */ = {
			isa = PBXShellScriptBuildPhase;
			buildActionMask = 2147483647;
			files = (
			);
			inputFileListPaths = (
				"${PODS_ROOT}/Target Support Files/Pods-HawkControl/Pods-HawkControl-frameworks-${CONFIGURATION}-input-files.xcfilelist",
			);
			name = "[CP] Embed Pods Frameworks";
			outputFileListPaths = (
				"${PODS_ROOT}/Target Support Files/Pods-HawkControl/Pods-HawkControl-frameworks-${CONFIGURATION}-output-files.xcfilelist",
			);
			runOnlyForDeploymentPostprocessing = 0;
			shellPath = /bin/sh;
			shellScript = "\"${PODS_ROOT}/Target Support Files/Pods-HawkControl/Pods-HawkControl-frameworks.sh\"\n";
			showEnvVarsInLog = 0;
		};
/* End PBXShellScriptBuildPhase section */

/* Begin PBXSourcesBuildPhase section */
		BB1B501F2C2F39E1000E889D /* Sources */ = {
			isa = PBXSourcesBuildPhase;
			buildActionMask = 2147483647;
			files = (
				BB1DE55D2C310BAD00CC9509 /* SettingsView.swift in Sources */,
				BBC10E8B2C2F5F8C0099A208 /* RobotPanelView.swift in Sources */,
				BB1B50292C2F39E1000E889D /* ConnectView.swift in Sources */,
				BB1DE5592C3107DE00CC9509 /* WebSocketManager.swift in Sources */,
				BBC10E8D2C30B4B90099A208 /* GlobalStateVars.swift in Sources */,
				BB1DE5612C32482000CC9509 /* LoggingView.swift in Sources */,
				BB1DE55B2C31086F00CC9509 /* WebSocketDelegateImpl.swift in Sources */,
				BB1B50272C2F39E1000E889D /* HawkControlApp.swift in Sources */,
				BB1DE55F2C32467900CC9509 /* Logger.swift in Sources */,
			);
			runOnlyForDeploymentPostprocessing = 0;
		};
		BB1B502F2C2F39E2000E889D /* Sources */ = {
			isa = PBXSourcesBuildPhase;
			buildActionMask = 2147483647;
			files = (
				BB1B50382C2F39E2000E889D /* HawkControlTests.swift in Sources */,
			);
			runOnlyForDeploymentPostprocessing = 0;
		};
		BB1B50392C2F39E2000E889D /* Sources */ = {
			isa = PBXSourcesBuildPhase;
			buildActionMask = 2147483647;
			files = (
				BB1B50422C2F39E2000E889D /* HawkControlUITests.swift in Sources */,
				BB1B50442C2F39E2000E889D /* HawkControlUITestsLaunchTests.swift in Sources */,
			);
			runOnlyForDeploymentPostprocessing = 0;
		};
/* End PBXSourcesBuildPhase section */

/* Begin PBXTargetDependency section */
		BB1B50352C2F39E2000E889D /* PBXTargetDependency */ = {
			isa = PBXTargetDependency;
			target = BB1B50222C2F39E1000E889D /* HawkControl */;
			targetProxy = BB1B50342C2F39E2000E889D /* PBXContainerItemProxy */;
		};
		BB1B503F2C2F39E2000E889D /* PBXTargetDependency */ = {
			isa = PBXTargetDependency;
			target = BB1B50222C2F39E1000E889D /* HawkControl */;
			targetProxy = BB1B503E2C2F39E2000E889D /* PBXContainerItemProxy */;
		};
/* End PBXTargetDependency section */

/* Begin XCBuildConfiguration section */
		BB1B50452C2F39E2000E889D /* Debug */ = {
			isa = XCBuildConfiguration;
			buildSettings = {
				ALWAYS_SEARCH_USER_PATHS = NO;
				ASSETCATALOG_COMPILER_GENERATE_SWIFT_ASSET_SYMBOL_EXTENSIONS = YES;
				CLANG_ANALYZER_NONNULL = YES;
				CLANG_ANALYZER_NUMBER_OBJECT_CONVERSION = YES_AGGRESSIVE;
				CLANG_CXX_LANGUAGE_STANDARD = "gnu++20";
				CLANG_ENABLE_MODULES = YES;
				CLANG_ENABLE_OBJC_ARC = YES;
				CLANG_ENABLE_OBJC_WEAK = YES;
				CLANG_WARN_BLOCK_CAPTURE_AUTORELEASING = YES;
				CLANG_WARN_BOOL_CONVERSION = YES;
				CLANG_WARN_COMMA = YES;
				CLANG_WARN_CONSTANT_CONVERSION = YES;
				CLANG_WARN_DEPRECATED_OBJC_IMPLEMENTATIONS = YES;
				CLANG_WARN_DIRECT_OBJC_ISA_USAGE = YES_ERROR;
				CLANG_WARN_DOCUMENTATION_COMMENTS = YES;
				CLANG_WARN_EMPTY_BODY = YES;
				CLANG_WARN_ENUM_CONVERSION = YES;
				CLANG_WARN_INFINITE_RECURSION = YES;
				CLANG_WARN_INT_CONVERSION = YES;
				CLANG_WARN_NON_LITERAL_NULL_CONVERSION = YES;
				CLANG_WARN_OBJC_IMPLICIT_RETAIN_SELF = YES;
				CLANG_WARN_OBJC_LITERAL_CONVERSION = YES;
				CLANG_WARN_OBJC_ROOT_CLASS = YES_ERROR;
				CLANG_WARN_QUOTED_INCLUDE_IN_FRAMEWORK_HEADER = YES;
				CLANG_WARN_RANGE_LOOP_ANALYSIS = YES;
				CLANG_WARN_STRICT_PROTOTYPES = YES;
				CLANG_WARN_SUSPICIOUS_MOVE = YES;
				CLANG_WARN_UNGUARDED_AVAILABILITY = YES_AGGRESSIVE;
				CLANG_WARN_UNREACHABLE_CODE = YES;
				CLANG_WARN__DUPLICATE_METHOD_MATCH = YES;
				COPY_PHASE_STRIP = NO;
				DEBUG_INFORMATION_FORMAT = dwarf;
				ENABLE_STRICT_OBJC_MSGSEND = YES;
				ENABLE_TESTABILITY = YES;
				ENABLE_USER_SCRIPT_SANDBOXING = NO;
				GCC_C_LANGUAGE_STANDARD = gnu17;
				GCC_DYNAMIC_NO_PIC = NO;
				GCC_NO_COMMON_BLOCKS = YES;
				GCC_OPTIMIZATION_LEVEL = 0;
				GCC_PREPROCESSOR_DEFINITIONS = (
					"DEBUG=1",
					"$(inherited)",
				);
				GCC_WARN_64_TO_32_BIT_CONVERSION = YES;
				GCC_WARN_ABOUT_RETURN_TYPE = YES_ERROR;
				GCC_WARN_UNDECLARED_SELECTOR = YES;
				GCC_WARN_UNINITIALIZED_AUTOS = YES_AGGRESSIVE;
				GCC_WARN_UNUSED_FUNCTION = YES;
				GCC_WARN_UNUSED_VARIABLE = YES;
				IPHONEOS_DEPLOYMENT_TARGET = "$(RECOMMENDED_IPHONEOS_DEPLOYMENT_TARGET)";
				LOCALIZATION_PREFERS_STRING_CATALOGS = YES;
				MTL_ENABLE_DEBUG_INFO = INCLUDE_SOURCE;
				MTL_FAST_MATH = YES;
				ONLY_ACTIVE_ARCH = YES;
				SDKROOT = iphoneos;
				SWIFT_ACTIVE_COMPILATION_CONDITIONS = "DEBUG $(inherited)";
				SWIFT_OPTIMIZATION_LEVEL = "-Onone";
			};
			name = Debug;
		};
		BB1B50462C2F39E2000E889D /* Release */ = {
			isa = XCBuildConfiguration;
			buildSettings = {
				ALWAYS_SEARCH_USER_PATHS = NO;
				ASSETCATALOG_COMPILER_GENERATE_SWIFT_ASSET_SYMBOL_EXTENSIONS = YES;
				CLANG_ANALYZER_NONNULL = YES;
				CLANG_ANALYZER_NUMBER_OBJECT_CONVERSION = YES_AGGRESSIVE;
				CLANG_CXX_LANGUAGE_STANDARD = "gnu++20";
				CLANG_ENABLE_MODULES = YES;
				CLANG_ENABLE_OBJC_ARC = YES;
				CLANG_ENABLE_OBJC_WEAK = YES;
				CLANG_WARN_BLOCK_CAPTURE_AUTORELEASING = YES;
				CLANG_WARN_BOOL_CONVERSION = YES;
				CLANG_WARN_COMMA = YES;
				CLANG_WARN_CONSTANT_CONVERSION = YES;
				CLANG_WARN_DEPRECATED_OBJC_IMPLEMENTATIONS = YES;
				CLANG_WARN_DIRECT_OBJC_ISA_USAGE = YES_ERROR;
				CLANG_WARN_DOCUMENTATION_COMMENTS = YES;
				CLANG_WARN_EMPTY_BODY = YES;
				CLANG_WARN_ENUM_CONVERSION = YES;
				CLANG_WARN_INFINITE_RECURSION = YES;
				CLANG_WARN_INT_CONVERSION = YES;
				CLANG_WARN_NON_LITERAL_NULL_CONVERSION = YES;
				CLANG_WARN_OBJC_IMPLICIT_RETAIN_SELF = YES;
				CLANG_WARN_OBJC_LITERAL_CONVERSION = YES;
				CLANG_WARN_OBJC_ROOT_CLASS = YES_ERROR;
				CLANG_WARN_QUOTED_INCLUDE_IN_FRAMEWORK_HEADER = YES;
				CLANG_WARN_RANGE_LOOP_ANALYSIS = YES;
				CLANG_WARN_STRICT_PROTOTYPES = YES;
				CLANG_WARN_SUSPICIOUS_MOVE = YES;
				CLANG_WARN_UNGUARDED_AVAILABILITY = YES_AGGRESSIVE;
				CLANG_WARN_UNREACHABLE_CODE = YES;
				CLANG_WARN__DUPLICATE_METHOD_MATCH = YES;
				COPY_PHASE_STRIP = NO;
				DEBUG_INFORMATION_FORMAT = "dwarf-with-dsym";
				ENABLE_NS_ASSERTIONS = NO;
				ENABLE_STRICT_OBJC_MSGSEND = YES;
				ENABLE_USER_SCRIPT_SANDBOXING = NO;
				GCC_C_LANGUAGE_STANDARD = gnu17;
				GCC_NO_COMMON_BLOCKS = YES;
				GCC_WARN_64_TO_32_BIT_CONVERSION = YES;
				GCC_WARN_ABOUT_RETURN_TYPE = YES_ERROR;
				GCC_WARN_UNDECLARED_SELECTOR = YES;
				GCC_WARN_UNINITIALIZED_AUTOS = YES_AGGRESSIVE;
				GCC_WARN_UNUSED_FUNCTION = YES;
				GCC_WARN_UNUSED_VARIABLE = YES;
				IPHONEOS_DEPLOYMENT_TARGET = "$(RECOMMENDED_IPHONEOS_DEPLOYMENT_TARGET)";
				LOCALIZATION_PREFERS_STRING_CATALOGS = YES;
				MTL_ENABLE_DEBUG_INFO = NO;
				MTL_FAST_MATH = YES;
				SDKROOT = iphoneos;
				SWIFT_COMPILATION_MODE = wholemodule;
				VALIDATE_PRODUCT = YES;
			};
			name = Release;
		};
		BB1B50482C2F39E2000E889D /* Debug */ = {
			isa = XCBuildConfiguration;
			baseConfigurationReference = C4BDD63F753FAA94E4A1B9CC /* Pods-HawkControl.debug.xcconfig */;
			buildSettings = {
				ASSETCATALOG_COMPILER_APPICON_NAME = AppIcon;
				ASSETCATALOG_COMPILER_GLOBAL_ACCENT_COLOR_NAME = AccentColor;
				CODE_SIGN_STYLE = Automatic;
				CURRENT_PROJECT_VERSION = 1;
				DEVELOPMENT_ASSET_PATHS = "\"HawkControl/Preview Content\"";
				DEVELOPMENT_TEAM = 2GW9354ST4;
				ENABLE_PREVIEWS = YES;
				GENERATE_INFOPLIST_FILE = YES;
				INFOPLIST_KEY_CFBundleDisplayName = HawkControl;
				INFOPLIST_KEY_LSApplicationCategoryType = "public.app-category.developer-tools";
				INFOPLIST_KEY_UIApplicationSceneManifest_Generation = YES;
				INFOPLIST_KEY_UIApplicationSupportsIndirectInputEvents = YES;
				INFOPLIST_KEY_UILaunchScreen_Generation = YES;
				INFOPLIST_KEY_UISupportedInterfaceOrientations = "UIInterfaceOrientationLandscapeLeft UIInterfaceOrientationLandscapeRight";
				IPHONEOS_DEPLOYMENT_TARGET = 16.0;
				LD_RUNPATH_SEARCH_PATHS = (
					"$(inherited)",
					"@executable_path/Frameworks",
				);
				MARKETING_VERSION = 1.0;
				PRODUCT_BUNDLE_IDENTIFIER = org.steelhawks.hawkcontroltest;
				PRODUCT_NAME = "$(TARGET_NAME)";
				SUPPORTED_PLATFORMS = "iphoneos iphonesimulator";
				SUPPORTS_MACCATALYST = NO;
				SWIFT_EMIT_LOC_STRINGS = YES;
				SWIFT_VERSION = 5.0;
				TARGETED_DEVICE_FAMILY = "1,2";
			};
			name = Debug;
		};
		BB1B50492C2F39E2000E889D /* Release */ = {
			isa = XCBuildConfiguration;
			baseConfigurationReference = E86BD38B9CD676042BE03101 /* Pods-HawkControl.release.xcconfig */;
			buildSettings = {
				ASSETCATALOG_COMPILER_APPICON_NAME = AppIcon;
				ASSETCATALOG_COMPILER_GLOBAL_ACCENT_COLOR_NAME = AccentColor;
				CODE_SIGN_STYLE = Automatic;
				CURRENT_PROJECT_VERSION = 1;
				DEVELOPMENT_ASSET_PATHS = "\"HawkControl/Preview Content\"";
				DEVELOPMENT_TEAM = 2GW9354ST4;
				ENABLE_PREVIEWS = YES;
				GENERATE_INFOPLIST_FILE = YES;
				INFOPLIST_KEY_CFBundleDisplayName = HawkControl;
				INFOPLIST_KEY_LSApplicationCategoryType = "public.app-category.developer-tools";
				INFOPLIST_KEY_UIApplicationSceneManifest_Generation = YES;
				INFOPLIST_KEY_UIApplicationSupportsIndirectInputEvents = YES;
				INFOPLIST_KEY_UILaunchScreen_Generation = YES;
				INFOPLIST_KEY_UISupportedInterfaceOrientations = "UIInterfaceOrientationLandscapeLeft UIInterfaceOrientationLandscapeRight";
				IPHONEOS_DEPLOYMENT_TARGET = 16.0;
				LD_RUNPATH_SEARCH_PATHS = (
					"$(inherited)",
					"@executable_path/Frameworks",
				);
				MARKETING_VERSION = 1.0;
				PRODUCT_BUNDLE_IDENTIFIER = org.steelhawks.hawkcontroltest;
				PRODUCT_NAME = "$(TARGET_NAME)";
				SUPPORTED_PLATFORMS = "iphoneos iphonesimulator";
				SUPPORTS_MACCATALYST = NO;
				SWIFT_EMIT_LOC_STRINGS = YES;
				SWIFT_VERSION = 5.0;
				TARGETED_DEVICE_FAMILY = "1,2";
			};
			name = Release;
		};
		BB1B504B2C2F39E2000E889D /* Debug */ = {
			isa = XCBuildConfiguration;
			buildSettings = {
				BUNDLE_LOADER = "$(TEST_HOST)";
				CODE_SIGN_STYLE = Automatic;
				CURRENT_PROJECT_VERSION = 1;
				DEVELOPMENT_TEAM = QSXRGJG5V9;
				GENERATE_INFOPLIST_FILE = YES;
				IPHONEOS_DEPLOYMENT_TARGET = 18.0;
				MARKETING_VERSION = 1.0;
				PRODUCT_BUNDLE_IDENTIFIER = net.steelhawks.HawkControlTests;
				PRODUCT_NAME = "$(TARGET_NAME)";
				SWIFT_EMIT_LOC_STRINGS = NO;
				SWIFT_VERSION = 5.0;
				TARGETED_DEVICE_FAMILY = "1,2";
				TEST_HOST = "$(BUILT_PRODUCTS_DIR)/HawkControl.app/$(BUNDLE_EXECUTABLE_FOLDER_PATH)/HawkControl";
			};
			name = Debug;
		};
		BB1B504C2C2F39E2000E889D /* Release */ = {
			isa = XCBuildConfiguration;
			buildSettings = {
				BUNDLE_LOADER = "$(TEST_HOST)";
				CODE_SIGN_STYLE = Automatic;
				CURRENT_PROJECT_VERSION = 1;
				DEVELOPMENT_TEAM = QSXRGJG5V9;
				GENERATE_INFOPLIST_FILE = YES;
				IPHONEOS_DEPLOYMENT_TARGET = 18.0;
				MARKETING_VERSION = 1.0;
				PRODUCT_BUNDLE_IDENTIFIER = net.steelhawks.HawkControlTests;
				PRODUCT_NAME = "$(TARGET_NAME)";
				SWIFT_EMIT_LOC_STRINGS = NO;
				SWIFT_VERSION = 5.0;
				TARGETED_DEVICE_FAMILY = "1,2";
				TEST_HOST = "$(BUILT_PRODUCTS_DIR)/HawkControl.app/$(BUNDLE_EXECUTABLE_FOLDER_PATH)/HawkControl";
			};
			name = Release;
		};
		BB1B504E2C2F39E2000E889D /* Debug */ = {
			isa = XCBuildConfiguration;
			buildSettings = {
				CODE_SIGN_STYLE = Automatic;
				CURRENT_PROJECT_VERSION = 1;
				DEVELOPMENT_TEAM = QSXRGJG5V9;
				GENERATE_INFOPLIST_FILE = YES;
				MARKETING_VERSION = 1.0;
				PRODUCT_BUNDLE_IDENTIFIER = net.steelhawks.HawkControlUITests;
				PRODUCT_NAME = "$(TARGET_NAME)";
				SWIFT_EMIT_LOC_STRINGS = NO;
				SWIFT_VERSION = 5.0;
				TARGETED_DEVICE_FAMILY = "1,2";
				TEST_TARGET_NAME = HawkControl;
			};
			name = Debug;
		};
		BB1B504F2C2F39E2000E889D /* Release */ = {
			isa = XCBuildConfiguration;
			buildSettings = {
				CODE_SIGN_STYLE = Automatic;
				CURRENT_PROJECT_VERSION = 1;
				DEVELOPMENT_TEAM = QSXRGJG5V9;
				GENERATE_INFOPLIST_FILE = YES;
				MARKETING_VERSION = 1.0;
				PRODUCT_BUNDLE_IDENTIFIER = net.steelhawks.HawkControlUITests;
				PRODUCT_NAME = "$(TARGET_NAME)";
				SWIFT_EMIT_LOC_STRINGS = NO;
				SWIFT_VERSION = 5.0;
				TARGETED_DEVICE_FAMILY = "1,2";
				TEST_TARGET_NAME = HawkControl;
			};
			name = Release;
		};
/* End XCBuildConfiguration section */

/* Begin XCConfigurationList section */
		BB1B501E2C2F39E1000E889D /* Build configuration list for PBXProject "HawkControl" */ = {
			isa = XCConfigurationList;
			buildConfigurations = (
				BB1B50452C2F39E2000E889D /* Debug */,
				BB1B50462C2F39E2000E889D /* Release */,
			);
			defaultConfigurationIsVisible = 0;
			defaultConfigurationName = Release;
		};
		BB1B50472C2F39E2000E889D /* Build configuration list for PBXNativeTarget "HawkControl" */ = {
			isa = XCConfigurationList;
			buildConfigurations = (
				BB1B50482C2F39E2000E889D /* Debug */,
				BB1B50492C2F39E2000E889D /* Release */,
			);
			defaultConfigurationIsVisible = 0;
			defaultConfigurationName = Release;
		};
		BB1B504A2C2F39E2000E889D /* Build configuration list for PBXNativeTarget "HawkControlTests" */ = {
			isa = XCConfigurationList;
			buildConfigurations = (
				BB1B504B2C2F39E2000E889D /* Debug */,
				BB1B504C2C2F39E2000E889D /* Release */,
			);
			defaultConfigurationIsVisible = 0;
			defaultConfigurationName = Release;
		};
		BB1B504D2C2F39E2000E889D /* Build configuration list for PBXNativeTarget "HawkControlUITests" */ = {
			isa = XCConfigurationList;
			buildConfigurations = (
				BB1B504E2C2F39E2000E889D /* Debug */,
				BB1B504F2C2F39E2000E889D /* Release */,
			);
			defaultConfigurationIsVisible = 0;
			defaultConfigurationName = Release;
		};
/* End XCConfigurationList section */
	};
	rootObject = BB1B501B2C2F39E1000E889D /* Project object */;
}
